
Microsoft Visual Studio Solution File, Format Version 12.00
# Visual Studio 15
VisualStudioVersion = 15.0.27703.2042
MinimumVisualStudioVersion = 10.0.40219.1
Project("{9A19103F-16F7-4668-BE54-9A1E7A4F7556}") = "ClusterNode", "ClusterNode\ClusterNode.csproj", "{518CB7CB-A5FA-433D-B72A-3FFCD69DBF54}"
EndProject
Project("{9A19103F-16F7-4668-BE54-9A1E7A4F7556}") = "ApiNode", "ApiNode\ApiNode.csproj", "{9C928202-2FB9-4FD1-8D2F-F4504144D505}"
EndProject
Project("{9A19103F-16F7-4668-BE54-9A1E7A4F7556}") = "Shared", "Shared\Shared.csproj", "{622BE55C-D59D-47EB-81D4-25BF86ADC336}"
EndProject
Project("{FAE04EC0-301F-11D3-BF4B-00C04F79EFBC}") = "Lighthouse", "Lighthouse\Lighthouse.csproj", "{C0334097-1767-4CBA-BA9E-F5B74E5C10CC}"
EndProject
Global
	GlobalSection(SolutionConfigurationPlatforms) = preSolution
		Debug|Any CPU = Debug|Any CPU
		Release|Any CPU = Release|Any CPU
	EndGlobalSection
	GlobalSection(ProjectConfigurationPlatforms) = postSolution
		{518CB7CB-A5FA-433D-B72A-3FFCD69DBF54}.Debug|Any CPU.ActiveCfg = Debug|Any CPU
		{518CB7CB-A5FA-433D-B72A-3FFCD69DBF54}.Debug|Any CPU.Build.0 = Debug|Any CPU
		{518CB7CB-A5FA-433D-B72A-3FFCD69DBF54}.Release|Any CPU.ActiveCfg = Release|Any CPU
		{518CB7CB-A5FA-433D-B72A-3FFCD69DBF54}.Release|Any CPU.Build.0 = Release|Any CPU
		{9C928202-2FB9-4FD1-8D2F-F4504144D505}.Debug|Any CPU.ActiveCfg = Debug|Any CPU
		{9C928202-2FB9-4FD1-8D2F-F4504144D505}.Debug|Any CPU.Build.0 = Debug|Any CPU
		{9C928202-2FB9-4FD1-8D2F-F4504144D505}.Release|Any CPU.ActiveCfg = Release|Any CPU
		{9C928202-2FB9-4FD1-8D2F-F4504144D505}.Release|Any CPU.Build.0 = Release|Any CPU
		{622BE55C-D59D-47EB-81D4-25BF86ADC336}.Debug|Any CPU.ActiveCfg = Debug|Any CPU
		{622BE55C-D59D-47EB-81D4-25BF86ADC336}.Debug|Any CPU.Build.0 = Debug|Any CPU
		{622BE55C-D59D-47EB-81D4-25BF86ADC336}.Release|Any CPU.ActiveCfg = Release|Any CPU
		{622BE55C-D59D-47EB-81D4-25BF86ADC336}.Release|Any CPU.Build.0 = Release|Any CPU
		{C0334097-1767-4CBA-BA9E-F5B74E5C10CC}.Debug|Any CPU.ActiveCfg = Debug|Any CPU
		{C0334097-1767-4CBA-BA9E-F5B74E5C10CC}.Debug|Any CPU.Build.0 = Debug|Any CPU
		{C0334097-1767-4CBA-BA9E-F5B74E5C10CC}.Release|Any CPU.ActiveCfg = Release|Any CPU
		{C0334097-1767-4CBA-BA9E-F5B74E5C10CC}.Release|Any CPU.Build.0 = Release|Any CPU
	EndGlobalSection
	GlobalSection(SolutionProperties) = preSolution
		HideSolutionNode = FALSE
	EndGlobalSection
	GlobalSection(ExtensibilityGlobals) = postSolution
		SolutionGuid = {FB433FEE-BCA0-46D0-B498-0DD4E4B579C1}
	EndGlobalSection
EndGlobal
